
Microsoft Visual Studio Solution File, Format Version 12.00
# Visual Studio Version 17
VisualStudioVersion = 17.1.32210.238
MinimumVisualStudioVersion = 10.0.40219.1
Project("{FAE04EC0-301F-11D3-BF4B-00C04F79EFBC}") = "0412", "0412\0412.csproj", "{949C9DD4-2478-4183-AFD4-AF3AD4849CFE}"
EndProject
Global
	GlobalSection(SolutionConfigurationPlatforms) = preSolution
		Debug|Any CPU = Debug|Any CPU
		Release|Any CPU = Release|Any CPU
	EndGlobalSection
	GlobalSection(ProjectConfigurationPlatforms) = postSolution
		{949C9DD4-2478-4183-AFD4-AF3AD4849CFE}.Debug|Any CPU.ActiveCfg = Debug|Any CPU
		{949C9DD4-2478-4183-AFD4-AF3AD4849CFE}.Debug|Any CPU.Build.0 = Debug|Any CPU
		{949C9DD4-2478-4183-AFD4-AF3AD4849CFE}.Release|Any CPU.ActiveCfg = Release|Any CPU
		{949C9DD4-2478-4183-AFD4-AF3AD4849CFE}.Release|Any CPU.Build.0 = Release|Any CPU
	EndGlobalSection
	GlobalSection(SolutionProperties) = preSolution
		HideSolutionNode = FALSE
	EndGlobalSection
	GlobalSection(ExtensibilityGlobals) = postSolution
		SolutionGuid = {9BEE4600-1CCA-4C9A-9524-6D6EB3FEF215}
	EndGlobalSection
EndGlobal
