
Microsoft Visual Studio Solution File, Format Version 12.00
# Visual Studio Version 17
VisualStudioVersion = 17.1.32210.238
MinimumVisualStudioVersion = 10.0.40219.1
Project("{FAE04EC0-301F-11D3-BF4B-00C04F79EFBC}") = "notepad", "notepad\notepad.csproj", "{45E8B262-9983-4205-B13F-08EFEF6BA865}"
EndProject
Global
	GlobalSection(SolutionConfigurationPlatforms) = preSolution
		Debug|Any CPU = Debug|Any CPU
		Release|Any CPU = Release|Any CPU
	EndGlobalSection
	GlobalSection(ProjectConfigurationPlatforms) = postSolution
		{45E8B262-9983-4205-B13F-08EFEF6BA865}.Debug|Any CPU.ActiveCfg = Debug|Any CPU
		{45E8B262-9983-4205-B13F-08EFEF6BA865}.Debug|Any CPU.Build.0 = Debug|Any CPU
		{45E8B262-9983-4205-B13F-08EFEF6BA865}.Release|Any CPU.ActiveCfg = Release|Any CPU
		{45E8B262-9983-4205-B13F-08EFEF6BA865}.Release|Any CPU.Build.0 = Release|Any CPU
	EndGlobalSection
	GlobalSection(SolutionProperties) = preSolution
		HideSolutionNode = FALSE
	EndGlobalSection
	GlobalSection(ExtensibilityGlobals) = postSolution
		SolutionGuid = {5801BAFD-4C11-4436-BD1D-5829EB6909BE}
	EndGlobalSection
EndGlobal
